github.com/Jguer/go-alpm/v2 v2.3.1 h1:6xgyL28aI4E4gng/cH+kvCnpa95f4Qgmddmh8A7iTGk=
github.com/Jguer/go-alpm/v2 v2.3.1/go.mod h1:lfe8gSe83F/KERaQvEfrSqQ4n+8bES+ZIyKWR/gm3MI=
github.com/klauspost/compress v1.18.5 h1:/h1gH5Ce+VWNLSWqPzOVn6XBO+vJbCNGvjoaGBFW2IE=
github.com/klauspost/compress v1.18.5/go.mod h1:cwPg85FWrGar70rWktvGQj8/hthj3wpl0PGDogxkrSQ=
